<Solution>
  <Folder Name="/src/">
    <Project Path="src/jIAnSoft.Rayleigh/jIAnSoft.Rayleigh.csproj" />
  </Folder>
  <Folder Name="/tests/">
    <Project Path="tests/jIAnSoft.Rayleigh.Tests/jIAnSoft.Rayleigh.Tests.csproj" />
  </Folder>
  <Folder Name="/examples/">
    <Project Path="examples/jIAnSoft.Rayleigh.Examples/jIAnSoft.Rayleigh.Examples.csproj" />
  </Folder>
</Solution>
